// !$*UTF8*$!
{
	archiveVersion = 1;
	classes = {
	};
	objectVersion = 56;
	objects = {

/* Begin PBXBuildFile section */
		D70E6F5F2BF3CA4B0051DC5E /* BreedCellView.swift in Sources */ = {isa = PBXBuildFile; fileRef = D70E6F5E2BF3CA4B0051DC5E /* BreedCellView.swift */; };
		D70E6F622BF3CC9E0051DC5E /* BreedDetailView.swift in Sources */ = {isa = PBXBuildFile; fileRef = D70E6F612BF3CC9E0051DC5E /* BreedDetailView.swift */; };
		D70E6F652BF4025B0051DC5E /* SearchBar.swift in Sources */ = {isa = PBXBuildFile; fileRef = D70E6F642BF4025B0051DC5E /* SearchBar.swift */; };
		D72F09D82BF2226A008150D6 /* NetworkManagerImpl.swift in Sources */ = {isa = PBXBuildFile; fileRef = D72F09D72BF2226A008150D6 /* NetworkManagerImpl.swift */; };
		D72F09DB2BF2245F008150D6 /* BreedService.swift in Sources */ = {isa = PBXBuildFile; fileRef = D72F09DA2BF2245F008150D6 /* BreedService.swift */; };
		D72F09DE2BF2247F008150D6 /* BreedsServiceImpl.swift in Sources */ = {isa = PBXBuildFile; fileRef = D72F09DD2BF2247F008150D6 /* BreedsServiceImpl.swift */; };
		D72F09E42BF224A3008150D6 /* Breed.swift in Sources */ = {isa = PBXBuildFile; fileRef = D72F09E22BF224A3008150D6 /* Breed.swift */; };
		D72F09E52BF224A3008150D6 /* BreedImage.swift in Sources */ = {isa = PBXBuildFile; fileRef = D72F09E32BF224A3008150D6 /* BreedImage.swift */; };
		D72F09E82BF224B6008150D6 /* BreedResponse.swift in Sources */ = {isa = PBXBuildFile; fileRef = D72F09E72BF224B6008150D6 /* BreedResponse.swift */; };
		D72F09EA2BF224C6008150D6 /* BreedImageResponse.swift in Sources */ = {isa = PBXBuildFile; fileRef = D72F09E92BF224C6008150D6 /* BreedImageResponse.swift */; };
		D72F09EC2BF2254D008150D6 /* APIFactory.swift in Sources */ = {isa = PBXBuildFile; fileRef = D72F09EB2BF2254D008150D6 /* APIFactory.swift */; };
		D72F09EF2BF22555008150D6 /* APIFactoryImpl.swift in Sources */ = {isa = PBXBuildFile; fileRef = D72F09EE2BF22555008150D6 /* APIFactoryImpl.swift */; };
		D72F09F12BF226DA008150D6 /* BreedsServiceTest.swift in Sources */ = {isa = PBXBuildFile; fileRef = D72F09F02BF226DA008150D6 /* BreedsServiceTest.swift */; };
		D72F09F52BF22AB5008150D6 /* breeds.json in Resources */ = {isa = PBXBuildFile; fileRef = D72F09F42BF22AB5008150D6 /* breeds.json */; };
		D72F09FB2BF230EF008150D6 /* BreedsViewModel.swift in Sources */ = {isa = PBXBuildFile; fileRef = D72F09FA2BF230EF008150D6 /* BreedsViewModel.swift */; };
		D72F09FF2BF23101008150D6 /* BreedsView.swift in Sources */ = {isa = PBXBuildFile; fileRef = D72F09FE2BF23101008150D6 /* BreedsView.swift */; };
		D72F0A012BF23F25008150D6 /* BreedViewModel.swift in Sources */ = {isa = PBXBuildFile; fileRef = D72F0A002BF23F25008150D6 /* BreedViewModel.swift */; };
		D72F0A032BF25507008150D6 /* ImageService.swift in Sources */ = {isa = PBXBuildFile; fileRef = D72F0A022BF25507008150D6 /* ImageService.swift */; };
		D72F0A052BF25537008150D6 /* ImageServiceImpl.swift in Sources */ = {isa = PBXBuildFile; fileRef = D72F0A042BF25537008150D6 /* ImageServiceImpl.swift */; };
		D73D7F382BF798DC00CDC935 /* FadeBackgroundModifier.swift in Sources */ = {isa = PBXBuildFile; fileRef = D73D7F372BF798DC00CDC935 /* FadeBackgroundModifier.swift */; };
		D73D7F3A2BF7990200CDC935 /* ImageServiceTest.swift in Sources */ = {isa = PBXBuildFile; fileRef = D73D7F392BF7990200CDC935 /* ImageServiceTest.swift */; };
		D7B4E4EE2BF755C400D63DE3 /* UIDevice+CatApp.swift in Sources */ = {isa = PBXBuildFile; fileRef = D7B4E4ED2BF755C400D63DE3 /* UIDevice+CatApp.swift */; };
		D7B4E4F12BF770DE00D63DE3 /* Alamofire in Frameworks */ = {isa = PBXBuildFile; productRef = D7B4E4F02BF770DE00D63DE3 /* Alamofire */; };
		D7B4E4F42BF770E900D63DE3 /* AlamofireImage in Frameworks */ = {isa = PBXBuildFile; productRef = D7B4E4F32BF770E900D63DE3 /* AlamofireImage */; };
		D7D6DB922BF15CEC009F4B58 /* NetworkManager.swift in Sources */ = {isa = PBXBuildFile; fileRef = D7D6DB912BF15CEC009F4B58 /* NetworkManager.swift */; };
		D7D6DB9E2BF16E1B009F4B58 /* MockNetworkManager.swift in Sources */ = {isa = PBXBuildFile; fileRef = D7D6DB9D2BF16E1B009F4B58 /* MockNetworkManager.swift */; };
		D7DC2A5B2BF14AAD008BA68D /* CatAppApp.swift in Sources */ = {isa = PBXBuildFile; fileRef = D7DC2A5A2BF14AAD008BA68D /* CatAppApp.swift */; };
		D7DC2A612BF14AAE008BA68D /* Assets.xcassets in Resources */ = {isa = PBXBuildFile; fileRef = D7DC2A602BF14AAE008BA68D /* Assets.xcassets */; };
		D7DC2A642BF14AAE008BA68D /* Preview Assets.xcassets in Resources */ = {isa = PBXBuildFile; fileRef = D7DC2A632BF14AAE008BA68D /* Preview Assets.xcassets */; };
		D7DC2A6E2BF14AAE008BA68D /* CatAppTests.swift in Sources */ = {isa = PBXBuildFile; fileRef = D7DC2A6D2BF14AAE008BA68D /* CatAppTests.swift */; };
		D7DC2A782BF14AAE008BA68D /* CatAppUITests.swift in Sources */ = {isa = PBXBuildFile; fileRef = D7DC2A772BF14AAE008BA68D /* CatAppUITests.swift */; };
		D7DC2A7A2BF14AAE008BA68D /* CatAppUITestsLaunchTests.swift in Sources */ = {isa = PBXBuildFile; fileRef = D7DC2A792BF14AAE008BA68D /* CatAppUITestsLaunchTests.swift */; };
		D7E4EAC62BF67F7D0020A40C /* FavoriteBreed.swift in Sources */ = {isa = PBXBuildFile; fileRef = D7E4EAC52BF67F7D0020A40C /* FavoriteBreed.swift */; };
		D7E4EACE2BF69D120020A40C /* Array+CatApp.swift in Sources */ = {isa = PBXBuildFile; fileRef = D7E4EACD2BF69D120020A40C /* Array+CatApp.swift */; };
/* End PBXBuildFile section */

/* Begin PBXContainerItemProxy section */
		D7DC2A6A2BF14AAE008BA68D /* PBXContainerItemProxy */ = {
			isa = PBXContainerItemProxy;
			containerPortal = D7DC2A4F2BF14AAD008BA68D /* Project object */;
			proxyType = 1;
			remoteGlobalIDString = D7DC2A562BF14AAD008BA68D;
			remoteInfo = CatApp;
		};
		D7DC2A742BF14AAE008BA68D /* PBXContainerItemProxy */ = {
			isa = PBXContainerItemProxy;
			containerPortal = D7DC2A4F2BF14AAD008BA68D /* Project object */;
			proxyType = 1;
			remoteGlobalIDString = D7DC2A562BF14AAD008BA68D;
			remoteInfo = CatApp;
		};
/* End PBXContainerItemProxy section */

/* Begin PBXFileReference section */
		D70E6F5E2BF3CA4B0051DC5E /* BreedCellView.swift */ = {isa = PBXFileReference; lastKnownFileType = sourcecode.swift; path = BreedCellView.swift; sourceTree = "<group>"; };
		D70E6F612BF3CC9E0051DC5E /* BreedDetailView.swift */ = {isa = PBXFileReference; lastKnownFileType = sourcecode.swift; path = BreedDetailView.swift; sourceTree = "<group>"; };
		D70E6F642BF4025B0051DC5E /* SearchBar.swift */ = {isa = PBXFileReference; lastKnownFileType = sourcecode.swift; path = SearchBar.swift; sourceTree = "<group>"; };
		D72F09D72BF2226A008150D6 /* NetworkManagerImpl.swift */ = {isa = PBXFileReference; lastKnownFileType = sourcecode.swift; path = NetworkManagerImpl.swift; sourceTree = "<group>"; };
		D72F09DA2BF2245F008150D6 /* BreedService.swift */ = {isa = PBXFileReference; fileEncoding = 4; lastKnownFileType = sourcecode.swift; path = BreedService.swift; sourceTree = "<group>"; };
		D72F09DD2BF2247F008150D6 /* BreedsServiceImpl.swift */ = {isa = PBXFileReference; fileEncoding = 4; lastKnownFileType = sourcecode.swift; path = BreedsServiceImpl.swift; sourceTree = "<group>"; };
		D72F09E22BF224A3008150D6 /* Breed.swift */ = {isa = PBXFileReference; fileEncoding = 4; lastKnownFileType = sourcecode.swift; path = Breed.swift; sourceTree = "<group>"; };
		D72F09E32BF224A3008150D6 /* BreedImage.swift */ = {isa = PBXFileReference; fileEncoding = 4; lastKnownFileType = sourcecode.swift; path = BreedImage.swift; sourceTree = "<group>"; };
		D72F09E72BF224B6008150D6 /* BreedResponse.swift */ = {isa = PBXFileReference; lastKnownFileType = sourcecode.swift; path = BreedResponse.swift; sourceTree = "<group>"; };
		D72F09E92BF224C6008150D6 /* BreedImageResponse.swift */ = {isa = PBXFileReference; lastKnownFileType = sourcecode.swift; path = BreedImageResponse.swift; sourceTree = "<group>"; };
		D72F09EB2BF2254D008150D6 /* APIFactory.swift */ = {isa = PBXFileReference; fileEncoding = 4; lastKnownFileType = sourcecode.swift; path = APIFactory.swift; sourceTree = "<group>"; };
		D72F09EE2BF22555008150D6 /* APIFactoryImpl.swift */ = {isa = PBXFileReference; fileEncoding = 4; lastKnownFileType = sourcecode.swift; path = APIFactoryImpl.swift; sourceTree = "<group>"; };
		D72F09F02BF226DA008150D6 /* BreedsServiceTest.swift */ = {isa = PBXFileReference; lastKnownFileType = sourcecode.swift; path = BreedsServiceTest.swift; sourceTree = "<group>"; };
		D72F09F42BF22AB5008150D6 /* breeds.json */ = {isa = PBXFileReference; fileEncoding = 4; lastKnownFileType = text.json; path = breeds.json; sourceTree = "<group>"; };
		D72F09FA2BF230EF008150D6 /* BreedsViewModel.swift */ = {isa = PBXFileReference; lastKnownFileType = sourcecode.swift; path = BreedsViewModel.swift; sourceTree = "<group>"; };
		D72F09FE2BF23101008150D6 /* BreedsView.swift */ = {isa = PBXFileReference; lastKnownFileType = sourcecode.swift; path = BreedsView.swift; sourceTree = "<group>"; };
		D72F0A002BF23F25008150D6 /* BreedViewModel.swift */ = {isa = PBXFileReference; lastKnownFileType = sourcecode.swift; path = BreedViewModel.swift; sourceTree = "<group>"; };
		D72F0A022BF25507008150D6 /* ImageService.swift */ = {isa = PBXFileReference; lastKnownFileType = sourcecode.swift; path = ImageService.swift; sourceTree = "<group>"; };
		D72F0A042BF25537008150D6 /* ImageServiceImpl.swift */ = {isa = PBXFileReference; lastKnownFileType = sourcecode.swift; path = ImageServiceImpl.swift; sourceTree = "<group>"; };
		D73D7F372BF798DC00CDC935 /* FadeBackgroundModifier.swift */ = {isa = PBXFileReference; lastKnownFileType = sourcecode.swift; path = FadeBackgroundModifier.swift; sourceTree = "<group>"; };
		D73D7F392BF7990200CDC935 /* ImageServiceTest.swift */ = {isa = PBXFileReference; lastKnownFileType = sourcecode.swift; path = ImageServiceTest.swift; sourceTree = "<group>"; };
		D7B4E4ED2BF755C400D63DE3 /* UIDevice+CatApp.swift */ = {isa = PBXFileReference; lastKnownFileType = sourcecode.swift; path = "UIDevice+CatApp.swift"; sourceTree = "<group>"; };
		D7D6DB912BF15CEC009F4B58 /* NetworkManager.swift */ = {isa = PBXFileReference; lastKnownFileType = sourcecode.swift; path = NetworkManager.swift; sourceTree = "<group>"; };
		D7D6DB9D2BF16E1B009F4B58 /* MockNetworkManager.swift */ = {isa = PBXFileReference; lastKnownFileType = sourcecode.swift; path = MockNetworkManager.swift; sourceTree = "<group>"; };
		D7DC2A572BF14AAD008BA68D /* CatApp.app */ = {isa = PBXFileReference; explicitFileType = wrapper.application; includeInIndex = 0; path = CatApp.app; sourceTree = BUILT_PRODUCTS_DIR; };
		D7DC2A5A2BF14AAD008BA68D /* CatAppApp.swift */ = {isa = PBXFileReference; lastKnownFileType = sourcecode.swift; path = CatAppApp.swift; sourceTree = "<group>"; };
		D7DC2A602BF14AAE008BA68D /* Assets.xcassets */ = {isa = PBXFileReference; lastKnownFileType = folder.assetcatalog; path = Assets.xcassets; sourceTree = "<group>"; };
		D7DC2A632BF14AAE008BA68D /* Preview Assets.xcassets */ = {isa = PBXFileReference; lastKnownFileType = folder.assetcatalog; path = "Preview Assets.xcassets"; sourceTree = "<group>"; };
		D7DC2A692BF14AAE008BA68D /* CatAppTests.xctest */ = {isa = PBXFileReference; explicitFileType = wrapper.cfbundle; includeInIndex = 0; path = CatAppTests.xctest; sourceTree = BUILT_PRODUCTS_DIR; };
		D7DC2A6D2BF14AAE008BA68D /* CatAppTests.swift */ = {isa = PBXFileReference; lastKnownFileType = sourcecode.swift; path = CatAppTests.swift; sourceTree = "<group>"; };
		D7DC2A732BF14AAE008BA68D /* CatAppUITests.xctest */ = {isa = PBXFileReference; explicitFileType = wrapper.cfbundle; includeInIndex = 0; path = CatAppUITests.xctest; sourceTree = BUILT_PRODUCTS_DIR; };
		D7DC2A772BF14AAE008BA68D /* CatAppUITests.swift */ = {isa = PBXFileReference; lastKnownFileType = sourcecode.swift; path = CatAppUITests.swift; sourceTree = "<group>"; };
		D7DC2A792BF14AAE008BA68D /* CatAppUITestsLaunchTests.swift */ = {isa = PBXFileReference; lastKnownFileType = sourcecode.swift; path = CatAppUITestsLaunchTests.swift; sourceTree = "<group>"; };
		D7E4EAC52BF67F7D0020A40C /* FavoriteBreed.swift */ = {isa = PBXFileReference; lastKnownFileType = sourcecode.swift; path = FavoriteBreed.swift; sourceTree = "<group>"; };
		D7E4EACD2BF69D120020A40C /* Array+CatApp.swift */ = {isa = PBXFileReference; lastKnownFileType = sourcecode.swift; path = "Array+CatApp.swift"; sourceTree = "<group>"; };
/* End PBXFileReference section */

/* Begin PBXFrameworksBuildPhase section */
		D7DC2A542BF14AAD008BA68D /* Frameworks */ = {
			isa = PBXFrameworksBuildPhase;
			buildActionMask = 2147483647;
			files = (
				D7B4E4F12BF770DE00D63DE3 /* Alamofire in Frameworks */,
				D7B4E4F42BF770E900D63DE3 /* AlamofireImage in Frameworks */,
			);
			runOnlyForDeploymentPostprocessing = 0;
		};
		D7DC2A662BF14AAE008BA68D /* Frameworks */ = {
			isa = PBXFrameworksBuildPhase;
			buildActionMask = 2147483647;
			files = (
			);
			runOnlyForDeploymentPostprocessing = 0;
		};
		D7DC2A702BF14AAE008BA68D /* Frameworks */ = {
			isa = PBXFrameworksBuildPhase;
			buildActionMask = 2147483647;
			files = (
			);
			runOnlyForDeploymentPostprocessing = 0;
		};
/* End PBXFrameworksBuildPhase section */

/* Begin PBXGroup section */
		D70E6F602BF3CC8A0051DC5E /* BreedDetailView */ = {
			isa = PBXGroup;
			children = (
				D70E6F612BF3CC9E0051DC5E /* BreedDetailView.swift */,
			);
			path = BreedDetailView;
			sourceTree = "<group>";
		};
		D72F09C92BF21F6A008150D6 /* Interface */ = {
			isa = PBXGroup;
			children = (
				D72F09CD2BF21FBC008150D6 /* Protocols */,
			);
			path = Interface;
			sourceTree = "<group>";
		};
		D72F09CD2BF21FBC008150D6 /* Protocols */ = {
			isa = PBXGroup;
			children = (
				D72F09EB2BF2254D008150D6 /* APIFactory.swift */,
				D72F09CE2BF21FC5008150D6 /* Manager */,
				D72F09D92BF2244C008150D6 /* Services */,
				D72F09E12BF22496008150D6 /* Models */,
			);
			path = Protocols;
			sourceTree = "<group>";
		};
		D72F09CE2BF21FC5008150D6 /* Manager */ = {
			isa = PBXGroup;
			children = (
				D7D6DB912BF15CEC009F4B58 /* NetworkManager.swift */,
			);
			path = Manager;
			sourceTree = "<group>";
		};
		D72F09D62BF2224A008150D6 /* Implementation */ = {
			isa = PBXGroup;
			children = (
				D72F09ED2BF22555008150D6 /* Factories */,
				D7D6DB902BF15CD8009F4B58 /* Manager */,
				D72F09DC2BF22473008150D6 /* Services */,
				D72F09E62BF224A7008150D6 /* Models */,
			);
			path = Implementation;
			sourceTree = "<group>";
		};
		D72F09D92BF2244C008150D6 /* Services */ = {
			isa = PBXGroup;
			children = (
				D72F09DA2BF2245F008150D6 /* BreedService.swift */,
				D72F0A022BF25507008150D6 /* ImageService.swift */,
			);
			path = Services;
			sourceTree = "<group>";
		};
		D72F09DC2BF22473008150D6 /* Services */ = {
			isa = PBXGroup;
			children = (
				D72F09DD2BF2247F008150D6 /* BreedsServiceImpl.swift */,
				D72F0A042BF25537008150D6 /* ImageServiceImpl.swift */,
			);
			path = Services;
			sourceTree = "<group>";
		};
		D72F09E12BF22496008150D6 /* Models */ = {
			isa = PBXGroup;
			children = (
				D72F09E22BF224A3008150D6 /* Breed.swift */,
				D72F09E32BF224A3008150D6 /* BreedImage.swift */,
			);
			path = Models;
			sourceTree = "<group>";
		};
		D72F09E62BF224A7008150D6 /* Models */ = {
			isa = PBXGroup;
			children = (
				D72F09E72BF224B6008150D6 /* BreedResponse.swift */,
				D72F09E92BF224C6008150D6 /* BreedImageResponse.swift */,
			);
			path = Models;
			sourceTree = "<group>";
		};
		D72F09ED2BF22555008150D6 /* Factories */ = {
			isa = PBXGroup;
			children = (
				D72F09EE2BF22555008150D6 /* APIFactoryImpl.swift */,
			);
			path = Factories;
			sourceTree = "<group>";
		};
		D72F09F22BF228F0008150D6 /* Utils */ = {
			isa = PBXGroup;
			children = (
				D72F09F32BF228F8008150D6 /* Mocks */,
			);
			path = Utils;
			sourceTree = "<group>";
		};
		D72F09F32BF228F8008150D6 /* Mocks */ = {
			isa = PBXGroup;
			children = (
				D72F09F42BF22AB5008150D6 /* breeds.json */,
			);
			path = Mocks;
			sourceTree = "<group>";
		};
		D72F09F62BF2309A008150D6 /* BreedsView */ = {
			isa = PBXGroup;
			children = (
				D7E4EAC42BF67F740020A40C /* Model */,
				D72F09F72BF230A3008150D6 /* ViewModel */,
				D72F09F92BF230D5008150D6 /* View */,
			);
			path = BreedsView;
			sourceTree = "<group>";
		};
		D72F09F72BF230A3008150D6 /* ViewModel */ = {
			isa = PBXGroup;
			children = (
				D72F09FA2BF230EF008150D6 /* BreedsViewModel.swift */,
				D72F0A002BF23F25008150D6 /* BreedViewModel.swift */,
			);
			path = ViewModel;
			sourceTree = "<group>";
		};
		D72F09F92BF230D5008150D6 /* View */ = {
			isa = PBXGroup;
			children = (
				D72F09FE2BF23101008150D6 /* BreedsView.swift */,
				D70E6F5E2BF3CA4B0051DC5E /* BreedCellView.swift */,
				D70E6F642BF4025B0051DC5E /* SearchBar.swift */,
			);
			path = View;
			sourceTree = "<group>";
		};
		D73D7F362BF798CE00CDC935 /* ViewModifiers */ = {
			isa = PBXGroup;
			children = (
				D73D7F372BF798DC00CDC935 /* FadeBackgroundModifier.swift */,
			);
			path = ViewModifiers;
			sourceTree = "<group>";
		};
		D7D6DB902BF15CD8009F4B58 /* Manager */ = {
			isa = PBXGroup;
			children = (
				D72F09D72BF2226A008150D6 /* NetworkManagerImpl.swift */,
				D7D6DB9D2BF16E1B009F4B58 /* MockNetworkManager.swift */,
			);
			path = Manager;
			sourceTree = "<group>";
		};
		D7DC2A4E2BF14AAD008BA68D = {
			isa = PBXGroup;
			children = (
				D7DC2A592BF14AAD008BA68D /* CatApp */,
				D7DC2A862BF14ABF008BA68D /* Core */,
				D7DC2A6C2BF14AAE008BA68D /* CatAppTests */,
				D7DC2A762BF14AAE008BA68D /* CatAppUITests */,
				D7DC2A582BF14AAD008BA68D /* Products */,
			);
			sourceTree = "<group>";
		};
		D7DC2A582BF14AAD008BA68D /* Products */ = {
			isa = PBXGroup;
			children = (
				D7DC2A572BF14AAD008BA68D /* CatApp.app */,
				D7DC2A692BF14AAE008BA68D /* CatAppTests.xctest */,
				D7DC2A732BF14AAE008BA68D /* CatAppUITests.xctest */,
			);
			name = Products;
			sourceTree = "<group>";
		};
		D7DC2A592BF14AAD008BA68D /* CatApp */ = {
			isa = PBXGroup;
			children = (
				D72F09F62BF2309A008150D6 /* BreedsView */,
				D70E6F602BF3CC8A0051DC5E /* BreedDetailView */,
				D7E4EACB2BF69D030020A40C /* Utils */,
				D7DC2A5A2BF14AAD008BA68D /* CatAppApp.swift */,
				D7DC2A602BF14AAE008BA68D /* Assets.xcassets */,
				D7DC2A622BF14AAE008BA68D /* Preview Content */,
			);
			path = CatApp;
			sourceTree = "<group>";
		};
		D7DC2A622BF14AAE008BA68D /* Preview Content */ = {
			isa = PBXGroup;
			children = (
				D7DC2A632BF14AAE008BA68D /* Preview Assets.xcassets */,
			);
			path = "Preview Content";
			sourceTree = "<group>";
		};
		D7DC2A6C2BF14AAE008BA68D /* CatAppTests */ = {
			isa = PBXGroup;
			children = (
				D7DC2A6D2BF14AAE008BA68D /* CatAppTests.swift */,
				D72F09F02BF226DA008150D6 /* BreedsServiceTest.swift */,
				D73D7F392BF7990200CDC935 /* ImageServiceTest.swift */,
			);
			path = CatAppTests;
			sourceTree = "<group>";
		};
		D7DC2A762BF14AAE008BA68D /* CatAppUITests */ = {
			isa = PBXGroup;
			children = (
				D7DC2A772BF14AAE008BA68D /* CatAppUITests.swift */,
				D7DC2A792BF14AAE008BA68D /* CatAppUITestsLaunchTests.swift */,
			);
			path = CatAppUITests;
			sourceTree = "<group>";
		};
		D7DC2A862BF14ABF008BA68D /* Core */ = {
			isa = PBXGroup;
			children = (
				D72F09C92BF21F6A008150D6 /* Interface */,
				D72F09D62BF2224A008150D6 /* Implementation */,
				D72F09F22BF228F0008150D6 /* Utils */,
			);
			path = Core;
			sourceTree = "<group>";
		};
		D7E4EAC42BF67F740020A40C /* Model */ = {
			isa = PBXGroup;
			children = (
				D7E4EAC52BF67F7D0020A40C /* FavoriteBreed.swift */,
			);
			path = Model;
			sourceTree = "<group>";
		};
		D7E4EACB2BF69D030020A40C /* Utils */ = {
			isa = PBXGroup;
			children = (
				D73D7F362BF798CE00CDC935 /* ViewModifiers */,
				D7E4EACC2BF69D080020A40C /* Extensions */,
			);
			path = Utils;
			sourceTree = "<group>";
		};
		D7E4EACC2BF69D080020A40C /* Extensions */ = {
			isa = PBXGroup;
			children = (
				D7E4EACD2BF69D120020A40C /* Array+CatApp.swift */,
				D7B4E4ED2BF755C400D63DE3 /* UIDevice+CatApp.swift */,
			);
			path = Extensions;
			sourceTree = "<group>";
		};
/* End PBXGroup section */

/* Begin PBXNativeTarget section */
		D7DC2A562BF14AAD008BA68D /* CatApp */ = {
			isa = PBXNativeTarget;
			buildConfigurationList = D7DC2A7D2BF14AAE008BA68D /* Build configuration list for PBXNativeTarget "CatApp" */;
			buildPhases = (
				D7DC2A532BF14AAD008BA68D /* Sources */,
				D7DC2A542BF14AAD008BA68D /* Frameworks */,
				D7DC2A552BF14AAD008BA68D /* Resources */,
			);
			buildRules = (
			);
			dependencies = (
			);
			name = CatApp;
			packageProductDependencies = (
				D7B4E4F02BF770DE00D63DE3 /* Alamofire */,
				D7B4E4F32BF770E900D63DE3 /* AlamofireImage */,
			);
			productName = CatApp;
			productReference = D7DC2A572BF14AAD008BA68D /* CatApp.app */;
			productType = "com.apple.product-type.application";
		};
		D7DC2A682BF14AAE008BA68D /* CatAppTests */ = {
			isa = PBXNativeTarget;
			buildConfigurationList = D7DC2A802BF14AAE008BA68D /* Build configuration list for PBXNativeTarget "CatAppTests" */;
			buildPhases = (
				D7DC2A652BF14AAE008BA68D /* Sources */,
				D7DC2A662BF14AAE008BA68D /* Frameworks */,
				D7DC2A672BF14AAE008BA68D /* Resources */,
			);
			buildRules = (
			);
			dependencies = (
				D7DC2A6B2BF14AAE008BA68D /* PBXTargetDependency */,
			);
			name = CatAppTests;
			productName = CatAppTests;
			productReference = D7DC2A692BF14AAE008BA68D /* CatAppTests.xctest */;
			productType = "com.apple.product-type.bundle.unit-test";
		};
		D7DC2A722BF14AAE008BA68D /* CatAppUITests */ = {
			isa = PBXNativeTarget;
			buildConfigurationList = D7DC2A832BF14AAE008BA68D /* Build configuration list for PBXNativeTarget "CatAppUITests" */;
			buildPhases = (
				D7DC2A6F2BF14AAE008BA68D /* Sources */,
				D7DC2A702BF14AAE008BA68D /* Frameworks */,
				D7DC2A712BF14AAE008BA68D /* Resources */,
			);
			buildRules = (
			);
			dependencies = (
				D7DC2A752BF14AAE008BA68D /* PBXTargetDependency */,
			);
			name = CatAppUITests;
			productName = CatAppUITests;
			productReference = D7DC2A732BF14AAE008BA68D /* CatAppUITests.xctest */;
			productType = "com.apple.product-type.bundle.ui-testing";
		};
/* End PBXNativeTarget section */

/* Begin PBXProject section */
		D7DC2A4F2BF14AAD008BA68D /* Project object */ = {
			isa = PBXProject;
			attributes = {
				BuildIndependentTargetsInParallel = 1;
				LastSwiftUpdateCheck = 1520;
				LastUpgradeCheck = 1520;
				TargetAttributes = {
					D7DC2A562BF14AAD008BA68D = {
						CreatedOnToolsVersion = 15.2;
					};
					D7DC2A682BF14AAE008BA68D = {
						CreatedOnToolsVersion = 15.2;
						TestTargetID = D7DC2A562BF14AAD008BA68D;
					};
					D7DC2A722BF14AAE008BA68D = {
						CreatedOnToolsVersion = 15.2;
						TestTargetID = D7DC2A562BF14AAD008BA68D;
					};
				};
			};
			buildConfigurationList = D7DC2A522BF14AAD008BA68D /* Build configuration list for PBXProject "CatApp" */;
			compatibilityVersion = "Xcode 14.0";
			developmentRegion = en;
			hasScannedForEncodings = 0;
			knownRegions = (
				en,
				Base,
			);
			mainGroup = D7DC2A4E2BF14AAD008BA68D;
			packageReferences = (
				D7B4E4EF2BF770DD00D63DE3 /* XCRemoteSwiftPackageReference "Alamofire" */,
				D7B4E4F22BF770E900D63DE3 /* XCRemoteSwiftPackageReference "AlamofireImage" */,
			);
			productRefGroup = D7DC2A582BF14AAD008BA68D /* Products */;
			projectDirPath = "";
			projectRoot = "";
			targets = (
				D7DC2A562BF14AAD008BA68D /* CatApp */,
				D7DC2A682BF14AAE008BA68D /* CatAppTests */,
				D7DC2A722BF14AAE008BA68D /* CatAppUITests */,
			);
		};
/* End PBXProject section */

/* Begin PBXResourcesBuildPhase section */
		D7DC2A552BF14AAD008BA68D /* Resources */ = {
			isa = PBXResourcesBuildPhase;
			buildActionMask = 2147483647;
			files = (
				D7DC2A642BF14AAE008BA68D /* Preview Assets.xcassets in Resources */,
				D72F09F52BF22AB5008150D6 /* breeds.json in Resources */,
				D7DC2A612BF14AAE008BA68D /* Assets.xcassets in Resources */,
			);
			runOnlyForDeploymentPostprocessing = 0;
		};
		D7DC2A672BF14AAE008BA68D /* Resources */ = {
			isa = PBXResourcesBuildPhase;
			buildActionMask = 2147483647;
			files = (
			);
			runOnlyForDeploymentPostprocessing = 0;
		};
		D7DC2A712BF14AAE008BA68D /* Resources */ = {
			isa = PBXResourcesBuildPhase;
			buildActionMask = 2147483647;
			files = (
			);
			runOnlyForDeploymentPostprocessing = 0;
		};
/* End PBXResourcesBuildPhase section */

/* Begin PBXSourcesBuildPhase section */
		D7DC2A532BF14AAD008BA68D /* Sources */ = {
			isa = PBXSourcesBuildPhase;
			buildActionMask = 2147483647;
			files = (
				D7E4EAC62BF67F7D0020A40C /* FavoriteBreed.swift in Sources */,
				D7B4E4EE2BF755C400D63DE3 /* UIDevice+CatApp.swift in Sources */,
				D72F09E82BF224B6008150D6 /* BreedResponse.swift in Sources */,
				D72F09E42BF224A3008150D6 /* Breed.swift in Sources */,
				D72F0A052BF25537008150D6 /* ImageServiceImpl.swift in Sources */,
				D70E6F5F2BF3CA4B0051DC5E /* BreedCellView.swift in Sources */,
				D72F0A012BF23F25008150D6 /* BreedViewModel.swift in Sources */,
				D70E6F622BF3CC9E0051DC5E /* BreedDetailView.swift in Sources */,
				D7D6DB922BF15CEC009F4B58 /* NetworkManager.swift in Sources */,
				D72F09DB2BF2245F008150D6 /* BreedService.swift in Sources */,
				D72F09DE2BF2247F008150D6 /* BreedsServiceImpl.swift in Sources */,
				D7D6DB9E2BF16E1B009F4B58 /* MockNetworkManager.swift in Sources */,
				D72F09EC2BF2254D008150D6 /* APIFactory.swift in Sources */,
				D72F09EA2BF224C6008150D6 /* BreedImageResponse.swift in Sources */,
				D73D7F382BF798DC00CDC935 /* FadeBackgroundModifier.swift in Sources */,
				D72F09FF2BF23101008150D6 /* BreedsView.swift in Sources */,
				D72F0A032BF25507008150D6 /* ImageService.swift in Sources */,
				D7E4EACE2BF69D120020A40C /* Array+CatApp.swift in Sources */,
				D70E6F652BF4025B0051DC5E /* SearchBar.swift in Sources */,
				D72F09EF2BF22555008150D6 /* APIFactoryImpl.swift in Sources */,
				D72F09FB2BF230EF008150D6 /* BreedsViewModel.swift in Sources */,
				D7DC2A5B2BF14AAD008BA68D /* CatAppApp.swift in Sources */,
				D72F09E52BF224A3008150D6 /* BreedImage.swift in Sources */,
				D72F09D82BF2226A008150D6 /* NetworkManagerImpl.swift in Sources */,
			);
			runOnlyForDeploymentPostprocessing = 0;
		};
		D7DC2A652BF14AAE008BA68D /* Sources */ = {
			isa = PBXSourcesBuildPhase;
			buildActionMask = 2147483647;
			files = (
				D72F09F12BF226DA008150D6 /* BreedsServiceTest.swift in Sources */,
				D7DC2A6E2BF14AAE008BA68D /* CatAppTests.swift in Sources */,
				D73D7F3A2BF7990200CDC935 /* ImageServiceTest.swift in Sources */,
			);
			runOnlyForDeploymentPostprocessing = 0;
		};
		D7DC2A6F2BF14AAE008BA68D /* Sources */ = {
			isa = PBXSourcesBuildPhase;
			buildActionMask = 2147483647;
			files = (
				D7DC2A782BF14AAE008BA68D /* CatAppUITests.swift in Sources */,
				D7DC2A7A2BF14AAE008BA68D /* CatAppUITestsLaunchTests.swift in Sources */,
			);
			runOnlyForDeploymentPostprocessing = 0;
		};
/* End PBXSourcesBuildPhase section */

/* Begin PBXTargetDependency section */
		D7DC2A6B2BF14AAE008BA68D /* PBXTargetDependency */ = {
			isa = PBXTargetDependency;
			target = D7DC2A562BF14AAD008BA68D /* CatApp */;
			targetProxy = D7DC2A6A2BF14AAE008BA68D /* PBXContainerItemProxy */;
		};
		D7DC2A752BF14AAE008BA68D /* PBXTargetDependency */ = {
			isa = PBXTargetDependency;
			target = D7DC2A562BF14AAD008BA68D /* CatApp */;
			targetProxy = D7DC2A742BF14AAE008BA68D /* PBXContainerItemProxy */;
		};
/* End PBXTargetDependency section */

/* Begin XCBuildConfiguration section */
		D7DC2A7B2BF14AAE008BA68D /* Debug */ = {
			isa = XCBuildConfiguration;
			buildSettings = {
				ALWAYS_SEARCH_USER_PATHS = NO;
				ASSETCATALOG_COMPILER_GENERATE_SWIFT_ASSET_SYMBOL_EXTENSIONS = YES;
				CLANG_ANALYZER_NONNULL = YES;
				CLANG_ANALYZER_NUMBER_OBJECT_CONVERSION = YES_AGGRESSIVE;
				CLANG_CXX_LANGUAGE_STANDARD = "gnu++20";
				CLANG_ENABLE_MODULES = YES;
				CLANG_ENABLE_OBJC_ARC = YES;
				CLANG_ENABLE_OBJC_WEAK = YES;
				CLANG_WARN_BLOCK_CAPTURE_AUTORELEASING = YES;
				CLANG_WARN_BOOL_CONVERSION = YES;
				CLANG_WARN_COMMA = YES;
				CLANG_WARN_CONSTANT_CONVERSION = YES;
				CLANG_WARN_DEPRECATED_OBJC_IMPLEMENTATIONS = YES;
				CLANG_WARN_DIRECT_OBJC_ISA_USAGE = YES_ERROR;
				CLANG_WARN_DOCUMENTATION_COMMENTS = YES;
				CLANG_WARN_EMPTY_BODY = YES;
				CLANG_WARN_ENUM_CONVERSION = YES;
				CLANG_WARN_INFINITE_RECURSION = YES;
				CLANG_WARN_INT_CONVERSION = YES;
				CLANG_WARN_NON_LITERAL_NULL_CONVERSION = YES;
				CLANG_WARN_OBJC_IMPLICIT_RETAIN_SELF = YES;
				CLANG_WARN_OBJC_LITERAL_CONVERSION = YES;
				CLANG_WARN_OBJC_ROOT_CLASS = YES_ERROR;
				CLANG_WARN_QUOTED_INCLUDE_IN_FRAMEWORK_HEADER = YES;
				CLANG_WARN_RANGE_LOOP_ANALYSIS = YES;
				CLANG_WARN_STRICT_PROTOTYPES = YES;
				CLANG_WARN_SUSPICIOUS_MOVE = YES;
				CLANG_WARN_UNGUARDED_AVAILABILITY = YES_AGGRESSIVE;
				CLANG_WARN_UNREACHABLE_CODE = YES;
				CLANG_WARN__DUPLICATE_METHOD_MATCH = YES;
				COPY_PHASE_STRIP = NO;
				DEBUG_INFORMATION_FORMAT = dwarf;
				ENABLE_STRICT_OBJC_MSGSEND = YES;
				ENABLE_TESTABILITY = YES;
				ENABLE_USER_SCRIPT_SANDBOXING = YES;
				GCC_C_LANGUAGE_STANDARD = gnu17;
				GCC_DYNAMIC_NO_PIC = NO;
				GCC_NO_COMMON_BLOCKS = YES;
				GCC_OPTIMIZATION_LEVEL = 0;
				GCC_PREPROCESSOR_DEFINITIONS = (
					"DEBUG=1",
					"$(inherited)",
				);
				GCC_WARN_64_TO_32_BIT_CONVERSION = YES;
				GCC_WARN_ABOUT_RETURN_TYPE = YES_ERROR;
				GCC_WARN_UNDECLARED_SELECTOR = YES;
				GCC_WARN_UNINITIALIZED_AUTOS = YES_AGGRESSIVE;
				GCC_WARN_UNUSED_FUNCTION = YES;
				GCC_WARN_UNUSED_VARIABLE = YES;
				IPHONEOS_DEPLOYMENT_TARGET = 17.2;
				LOCALIZATION_PREFERS_STRING_CATALOGS = YES;
				MTL_ENABLE_DEBUG_INFO = INCLUDE_SOURCE;
				MTL_FAST_MATH = YES;
				ONLY_ACTIVE_ARCH = YES;
				SDKROOT = iphoneos;
				SWIFT_ACTIVE_COMPILATION_CONDITIONS = "DEBUG $(inherited)";
				SWIFT_OPTIMIZATION_LEVEL = "-Onone";
			};
			name = Debug;
		};
		D7DC2A7C2BF14AAE008BA68D /* Release */ = {
			isa = XCBuildConfiguration;
			buildSettings = {
				ALWAYS_SEARCH_USER_PATHS = NO;
				ASSETCATALOG_COMPILER_GENERATE_SWIFT_ASSET_SYMBOL_EXTENSIONS = YES;
				CLANG_ANALYZER_NONNULL = YES;
				CLANG_ANALYZER_NUMBER_OBJECT_CONVERSION = YES_AGGRESSIVE;
				CLANG_CXX_LANGUAGE_STANDARD = "gnu++20";
				CLANG_ENABLE_MODULES = YES;
				CLANG_ENABLE_OBJC_ARC = YES;
				CLANG_ENABLE_OBJC_WEAK = YES;
				CLANG_WARN_BLOCK_CAPTURE_AUTORELEASING = YES;
				CLANG_WARN_BOOL_CONVERSION = YES;
				CLANG_WARN_COMMA = YES;
				CLANG_WARN_CONSTANT_CONVERSION = YES;
				CLANG_WARN_DEPRECATED_OBJC_IMPLEMENTATIONS = YES;
				CLANG_WARN_DIRECT_OBJC_ISA_USAGE = YES_ERROR;
				CLANG_WARN_DOCUMENTATION_COMMENTS = YES;
				CLANG_WARN_EMPTY_BODY = YES;
				CLANG_WARN_ENUM_CONVERSION = YES;
				CLANG_WARN_INFINITE_RECURSION = YES;
				CLANG_WARN_INT_CONVERSION = YES;
				CLANG_WARN_NON_LITERAL_NULL_CONVERSION = YES;
				CLANG_WARN_OBJC_IMPLICIT_RETAIN_SELF = YES;
				CLANG_WARN_OBJC_LITERAL_CONVERSION = YES;
				CLANG_WARN_OBJC_ROOT_CLASS = YES_ERROR;
				CLANG_WARN_QUOTED_INCLUDE_IN_FRAMEWORK_HEADER = YES;
				CLANG_WARN_RANGE_LOOP_ANALYSIS = YES;
				CLANG_WARN_STRICT_PROTOTYPES = YES;
				CLANG_WARN_SUSPICIOUS_MOVE = YES;
				CLANG_WARN_UNGUARDED_AVAILABILITY = YES_AGGRESSIVE;
				CLANG_WARN_UNREACHABLE_CODE = YES;
				CLANG_WARN__DUPLICATE_METHOD_MATCH = YES;
				COPY_PHASE_STRIP = NO;
				DEBUG_INFORMATION_FORMAT = "dwarf-with-dsym";
				ENABLE_NS_ASSERTIONS = NO;
				ENABLE_STRICT_OBJC_MSGSEND = YES;
				ENABLE_USER_SCRIPT_SANDBOXING = YES;
				GCC_C_LANGUAGE_STANDARD = gnu17;
				GCC_NO_COMMON_BLOCKS = YES;
				GCC_WARN_64_TO_32_BIT_CONVERSION = YES;
				GCC_WARN_ABOUT_RETURN_TYPE = YES_ERROR;
				GCC_WARN_UNDECLARED_SELECTOR = YES;
				GCC_WARN_UNINITIALIZED_AUTOS = YES_AGGRESSIVE;
				GCC_WARN_UNUSED_FUNCTION = YES;
				GCC_WARN_UNUSED_VARIABLE = YES;
				IPHONEOS_DEPLOYMENT_TARGET = 17.2;
				LOCALIZATION_PREFERS_STRING_CATALOGS = YES;
				MTL_ENABLE_DEBUG_INFO = NO;
				MTL_FAST_MATH = YES;
				SDKROOT = iphoneos;
				SWIFT_COMPILATION_MODE = wholemodule;
				VALIDATE_PRODUCT = YES;
			};
			name = Release;
		};
		D7DC2A7E2BF14AAE008BA68D /* Debug */ = {
			isa = XCBuildConfiguration;
			buildSettings = {
				ASSETCATALOG_COMPILER_APPICON_NAME = AppIcon;
				ASSETCATALOG_COMPILER_GLOBAL_ACCENT_COLOR_NAME = AccentColor;
				CODE_SIGN_STYLE = Automatic;
				CURRENT_PROJECT_VERSION = 1;
				DEVELOPMENT_ASSET_PATHS = "\"CatApp/Preview Content\"";
				DEVELOPMENT_TEAM = 6T2Z9DJY2M;
				ENABLE_PREVIEWS = YES;
				ENABLE_USER_SCRIPT_SANDBOXING = NO;
				GENERATE_INFOPLIST_FILE = YES;
				INFOPLIST_KEY_UIApplicationSceneManifest_Generation = YES;
				INFOPLIST_KEY_UIApplicationSupportsIndirectInputEvents = YES;
				INFOPLIST_KEY_UILaunchScreen_Generation = YES;
				INFOPLIST_KEY_UISupportedInterfaceOrientations_iPad = "UIInterfaceOrientationPortrait UIInterfaceOrientationPortraitUpsideDown UIInterfaceOrientationLandscapeLeft UIInterfaceOrientationLandscapeRight";
				INFOPLIST_KEY_UISupportedInterfaceOrientations_iPhone = "UIInterfaceOrientationPortrait UIInterfaceOrientationLandscapeLeft UIInterfaceOrientationLandscapeRight";
				LD_RUNPATH_SEARCH_PATHS = (
					"$(inherited)",
					"@executable_path/Frameworks",
				);
				MARKETING_VERSION = 1.0;
				PRODUCT_BUNDLE_IDENTIFIER = antoniofonseca.CatApp;
				PRODUCT_NAME = "$(TARGET_NAME)";
				SWIFT_EMIT_LOC_STRINGS = YES;
				SWIFT_VERSION = 5.0;
				TARGETED_DEVICE_FAMILY = "1,2";
			};
			name = Debug;
		};
		D7DC2A7F2BF14AAE008BA68D /* Release */ = {
			isa = XCBuildConfiguration;
			buildSettings = {
				ASSETCATALOG_COMPILER_APPICON_NAME = AppIcon;
				ASSETCATALOG_COMPILER_GLOBAL_ACCENT_COLOR_NAME = AccentColor;
				CODE_SIGN_STYLE = Automatic;
				CURRENT_PROJECT_VERSION = 1;
				DEVELOPMENT_ASSET_PATHS = "\"CatApp/Preview Content\"";
				DEVELOPMENT_TEAM = 6T2Z9DJY2M;
				ENABLE_PREVIEWS = YES;
				ENABLE_USER_SCRIPT_SANDBOXING = NO;
				GENERATE_INFOPLIST_FILE = YES;
				INFOPLIST_KEY_UIApplicationSceneManifest_Generation = YES;
				INFOPLIST_KEY_UIApplicationSupportsIndirectInputEvents = YES;
				INFOPLIST_KEY_UILaunchScreen_Generation = YES;
				INFOPLIST_KEY_UISupportedInterfaceOrientations_iPad = "UIInterfaceOrientationPortrait UIInterfaceOrientationPortraitUpsideDown UIInterfaceOrientationLandscapeLeft UIInterfaceOrientationLandscapeRight";
				INFOPLIST_KEY_UISupportedInterfaceOrientations_iPhone = "UIInterfaceOrientationPortrait UIInterfaceOrientationLandscapeLeft UIInterfaceOrientationLandscapeRight";
				LD_RUNPATH_SEARCH_PATHS = (
					"$(inherited)",
					"@executable_path/Frameworks",
				);
				MARKETING_VERSION = 1.0;
				PRODUCT_BUNDLE_IDENTIFIER = antoniofonseca.CatApp;
				PRODUCT_NAME = "$(TARGET_NAME)";
				SWIFT_EMIT_LOC_STRINGS = YES;
				SWIFT_VERSION = 5.0;
				TARGETED_DEVICE_FAMILY = "1,2";
			};
			name = Release;
		};
		D7DC2A812BF14AAE008BA68D /* Debug */ = {
			isa = XCBuildConfiguration;
			buildSettings = {
				ALWAYS_EMBED_SWIFT_STANDARD_LIBRARIES = YES;
				BUNDLE_LOADER = "$(TEST_HOST)";
				CODE_SIGN_STYLE = Automatic;
				CURRENT_PROJECT_VERSION = 1;
				DEVELOPMENT_TEAM = 6T2Z9DJY2M;
				GENERATE_INFOPLIST_FILE = YES;
				IPHONEOS_DEPLOYMENT_TARGET = 17.2;
				MARKETING_VERSION = 1.0;
				PRODUCT_BUNDLE_IDENTIFIER = antoniofonseca.CatAppTests;
				PRODUCT_NAME = "$(TARGET_NAME)";
				SWIFT_EMIT_LOC_STRINGS = NO;
				SWIFT_VERSION = 5.0;
				TARGETED_DEVICE_FAMILY = "1,2";
				TEST_HOST = "$(BUILT_PRODUCTS_DIR)/CatApp.app/$(BUNDLE_EXECUTABLE_FOLDER_PATH)/CatApp";
			};
			name = Debug;
		};
		D7DC2A822BF14AAE008BA68D /* Release */ = {
			isa = XCBuildConfiguration;
			buildSettings = {
				ALWAYS_EMBED_SWIFT_STANDARD_LIBRARIES = YES;
				BUNDLE_LOADER = "$(TEST_HOST)";
				CODE_SIGN_STYLE = Automatic;
				CURRENT_PROJECT_VERSION = 1;
				DEVELOPMENT_TEAM = 6T2Z9DJY2M;
				GENERATE_INFOPLIST_FILE = YES;
				IPHONEOS_DEPLOYMENT_TARGET = 17.2;
				MARKETING_VERSION = 1.0;
				PRODUCT_BUNDLE_IDENTIFIER = antoniofonseca.CatAppTests;
				PRODUCT_NAME = "$(TARGET_NAME)";
				SWIFT_EMIT_LOC_STRINGS = NO;
				SWIFT_VERSION = 5.0;
				TARGETED_DEVICE_FAMILY = "1,2";
				TEST_HOST = "$(BUILT_PRODUCTS_DIR)/CatApp.app/$(BUNDLE_EXECUTABLE_FOLDER_PATH)/CatApp";
			};
			name = Release;
		};
		D7DC2A842BF14AAE008BA68D /* Debug */ = {
			isa = XCBuildConfiguration;
			buildSettings = {
				ALWAYS_EMBED_SWIFT_STANDARD_LIBRARIES = YES;
				CODE_SIGN_STYLE = Automatic;
				CURRENT_PROJECT_VERSION = 1;
				DEVELOPMENT_TEAM = 6T2Z9DJY2M;
				GENERATE_INFOPLIST_FILE = YES;
				MARKETING_VERSION = 1.0;
				PRODUCT_BUNDLE_IDENTIFIER = antoniofonseca.CatAppUITests;
				PRODUCT_NAME = "$(TARGET_NAME)";
				SWIFT_EMIT_LOC_STRINGS = NO;
				SWIFT_VERSION = 5.0;
				TARGETED_DEVICE_FAMILY = "1,2";
				TEST_TARGET_NAME = CatApp;
			};
			name = Debug;
		};
		D7DC2A852BF14AAE008BA68D /* Release */ = {
			isa = XCBuildConfiguration;
			buildSettings = {
				ALWAYS_EMBED_SWIFT_STANDARD_LIBRARIES = YES;
				CODE_SIGN_STYLE = Automatic;
				CURRENT_PROJECT_VERSION = 1;
				DEVELOPMENT_TEAM = 6T2Z9DJY2M;
				GENERATE_INFOPLIST_FILE = YES;
				MARKETING_VERSION = 1.0;
				PRODUCT_BUNDLE_IDENTIFIER = antoniofonseca.CatAppUITests;
				PRODUCT_NAME = "$(TARGET_NAME)";
				SWIFT_EMIT_LOC_STRINGS = NO;
				SWIFT_VERSION = 5.0;
				TARGETED_DEVICE_FAMILY = "1,2";
				TEST_TARGET_NAME = CatApp;
			};
			name = Release;
		};
/* End XCBuildConfiguration section */

/* Begin XCConfigurationList section */
		D7DC2A522BF14AAD008BA68D /* Build configuration list for PBXProject "CatApp" */ = {
			isa = XCConfigurationList;
			buildConfigurations = (
				D7DC2A7B2BF14AAE008BA68D /* Debug */,
				D7DC2A7C2BF14AAE008BA68D /* Release */,
			);
			defaultConfigurationIsVisible = 0;
			defaultConfigurationName = Release;
		};
		D7DC2A7D2BF14AAE008BA68D /* Build configuration list for PBXNativeTarget "CatApp" */ = {
			isa = XCConfigurationList;
			buildConfigurations = (
				D7DC2A7E2BF14AAE008BA68D /* Debug */,
				D7DC2A7F2BF14AAE008BA68D /* Release */,
			);
			defaultConfigurationIsVisible = 0;
			defaultConfigurationName = Release;
		};
		D7DC2A802BF14AAE008BA68D /* Build configuration list for PBXNativeTarget "CatAppTests" */ = {
			isa = XCConfigurationList;
			buildConfigurations = (
				D7DC2A812BF14AAE008BA68D /* Debug */,
				D7DC2A822BF14AAE008BA68D /* Release */,
			);
			defaultConfigurationIsVisible = 0;
			defaultConfigurationName = Release;
		};
		D7DC2A832BF14AAE008BA68D /* Build configuration list for PBXNativeTarget "CatAppUITests" */ = {
			isa = XCConfigurationList;
			buildConfigurations = (
				D7DC2A842BF14AAE008BA68D /* Debug */,
				D7DC2A852BF14AAE008BA68D /* Release */,
			);
			defaultConfigurationIsVisible = 0;
			defaultConfigurationName = Release;
		};
/* End XCConfigurationList section */

/* Begin XCRemoteSwiftPackageReference section */
		D7B4E4EF2BF770DD00D63DE3 /* XCRemoteSwiftPackageReference "Alamofire" */ = {
			isa = XCRemoteSwiftPackageReference;
			repositoryURL = "https://github.com/Alamofire/Alamofire.git";
			requirement = {
				kind = exactVersion;
				version = 5.9.1;
			};
		};
		D7B4E4F22BF770E900D63DE3 /* XCRemoteSwiftPackageReference "AlamofireImage" */ = {
			isa = XCRemoteSwiftPackageReference;
			repositoryURL = "https://github.com/Alamofire/AlamofireImage.git";
			requirement = {
				kind = exactVersion;
				version = 4.3.0;
			};
		};
/* End XCRemoteSwiftPackageReference section */

/* Begin XCSwiftPackageProductDependency section */
		D7B4E4F02BF770DE00D63DE3 /* Alamofire */ = {
			isa = XCSwiftPackageProductDependency;
			package = D7B4E4EF2BF770DD00D63DE3 /* XCRemoteSwiftPackageReference "Alamofire" */;
			productName = Alamofire;
		};
		D7B4E4F32BF770E900D63DE3 /* AlamofireImage */ = {
			isa = XCSwiftPackageProductDependency;
			package = D7B4E4F22BF770E900D63DE3 /* XCRemoteSwiftPackageReference "AlamofireImage" */;
			productName = AlamofireImage;
		};
/* End XCSwiftPackageProductDependency section */
	};
	rootObject = D7DC2A4F2BF14AAD008BA68D /* Project object */;
}
