// !$*UTF8*$!
{
	archiveVersion = 1;
	classes = {
	};
	objectVersion = 56;
	objects = {

/* Begin PBXBuildFile section */
		4A485C3A07A17F9C7B4CF367 /* Pods_CatApp.framework in Frameworks */ = {isa = PBXBuildFile; fileRef = 2C7211B208F989F01E9D7E68 /* Pods_CatApp.framework */; };
		D7DC2A5B2BF14AAD008BA68D /* CatAppApp.swift in Sources */ = {isa = PBXBuildFile; fileRef = D7DC2A5A2BF14AAD008BA68D /* CatAppApp.swift */; };
		D7DC2A5D2BF14AAD008BA68D /* ContentView.swift in Sources */ = {isa = PBXBuildFile; fileRef = D7DC2A5C2BF14AAD008BA68D /* ContentView.swift */; };
		D7DC2A5F2BF14AAD008BA68D /* Item.swift in Sources */ = {isa = PBXBuildFile; fileRef = D7DC2A5E2BF14AAD008BA68D /* Item.swift */; };
		D7DC2A612BF14AAE008BA68D /* Assets.xcassets in Resources */ = {isa = PBXBuildFile; fileRef = D7DC2A602BF14AAE008BA68D /* Assets.xcassets */; };
		D7DC2A642BF14AAE008BA68D /* Preview Assets.xcassets in Resources */ = {isa = PBXBuildFile; fileRef = D7DC2A632BF14AAE008BA68D /* Preview Assets.xcassets */; };
		D7DC2A6E2BF14AAE008BA68D /* CatAppTests.swift in Sources */ = {isa = PBXBuildFile; fileRef = D7DC2A6D2BF14AAE008BA68D /* CatAppTests.swift */; };
		D7DC2A782BF14AAE008BA68D /* CatAppUITests.swift in Sources */ = {isa = PBXBuildFile; fileRef = D7DC2A772BF14AAE008BA68D /* CatAppUITests.swift */; };
		D7DC2A7A2BF14AAE008BA68D /* CatAppUITestsLaunchTests.swift in Sources */ = {isa = PBXBuildFile; fileRef = D7DC2A792BF14AAE008BA68D /* CatAppUITestsLaunchTests.swift */; };
/* End PBXBuildFile section */

/* Begin PBXContainerItemProxy section */
		D7DC2A6A2BF14AAE008BA68D /* PBXContainerItemProxy */ = {
			isa = PBXContainerItemProxy;
			containerPortal = D7DC2A4F2BF14AAD008BA68D /* Project object */;
			proxyType = 1;
			remoteGlobalIDString = D7DC2A562BF14AAD008BA68D;
			remoteInfo = CatApp;
		};
		D7DC2A742BF14AAE008BA68D /* PBXContainerItemProxy */ = {
			isa = PBXContainerItemProxy;
			containerPortal = D7DC2A4F2BF14AAD008BA68D /* Project object */;
			proxyType = 1;
			remoteGlobalIDString = D7DC2A562BF14AAD008BA68D;
			remoteInfo = CatApp;
		};
/* End PBXContainerItemProxy section */

/* Begin PBXFileReference section */
		2C7211B208F989F01E9D7E68 /* Pods_CatApp.framework */ = {isa = PBXFileReference; explicitFileType = wrapper.framework; includeInIndex = 0; path = Pods_CatApp.framework; sourceTree = BUILT_PRODUCTS_DIR; };
		65A36BD800DEC2D76F97F0BD /* Pods-CatApp.release.xcconfig */ = {isa = PBXFileReference; includeInIndex = 1; lastKnownFileType = text.xcconfig; name = "Pods-CatApp.release.xcconfig"; path = "Target Support Files/Pods-CatApp/Pods-CatApp.release.xcconfig"; sourceTree = "<group>"; };
		D7DC2A572BF14AAD008BA68D /* CatApp.app */ = {isa = PBXFileReference; explicitFileType = wrapper.application; includeInIndex = 0; path = CatApp.app; sourceTree = BUILT_PRODUCTS_DIR; };
		D7DC2A5A2BF14AAD008BA68D /* CatAppApp.swift */ = {isa = PBXFileReference; lastKnownFileType = sourcecode.swift; path = CatAppApp.swift; sourceTree = "<group>"; };
		D7DC2A5C2BF14AAD008BA68D /* ContentView.swift */ = {isa = PBXFileReference; lastKnownFileType = sourcecode.swift; path = ContentView.swift; sourceTree = "<group>"; };
		D7DC2A5E2BF14AAD008BA68D /* Item.swift */ = {isa = PBXFileReference; lastKnownFileType = sourcecode.swift; path = Item.swift; sourceTree = "<group>"; };
		D7DC2A602BF14AAE008BA68D /* Assets.xcassets */ = {isa = PBXFileReference; lastKnownFileType = folder.assetcatalog; path = Assets.xcassets; sourceTree = "<group>"; };
		D7DC2A632BF14AAE008BA68D /* Preview Assets.xcassets */ = {isa = PBXFileReference; lastKnownFileType = folder.assetcatalog; path = "Preview Assets.xcassets"; sourceTree = "<group>"; };
		D7DC2A692BF14AAE008BA68D /* CatAppTests.xctest */ = {isa = PBXFileReference; explicitFileType = wrapper.cfbundle; includeInIndex = 0; path = CatAppTests.xctest; sourceTree = BUILT_PRODUCTS_DIR; };
		D7DC2A6D2BF14AAE008BA68D /* CatAppTests.swift */ = {isa = PBXFileReference; lastKnownFileType = sourcecode.swift; path = CatAppTests.swift; sourceTree = "<group>"; };
		D7DC2A732BF14AAE008BA68D /* CatAppUITests.xctest */ = {isa = PBXFileReference; explicitFileType = wrapper.cfbundle; includeInIndex = 0; path = CatAppUITests.xctest; sourceTree = BUILT_PRODUCTS_DIR; };
		D7DC2A772BF14AAE008BA68D /* CatAppUITests.swift */ = {isa = PBXFileReference; lastKnownFileType = sourcecode.swift; path = CatAppUITests.swift; sourceTree = "<group>"; };
		D7DC2A792BF14AAE008BA68D /* CatAppUITestsLaunchTests.swift */ = {isa = PBXFileReference; lastKnownFileType = sourcecode.swift; path = CatAppUITestsLaunchTests.swift; sourceTree = "<group>"; };
		FF424087C119A4DC4EB3C128 /* Pods-CatApp.debug.xcconfig */ = {isa = PBXFileReference; includeInIndex = 1; lastKnownFileType = text.xcconfig; name = "Pods-CatApp.debug.xcconfig"; path = "Target Support Files/Pods-CatApp/Pods-CatApp.debug.xcconfig"; sourceTree = "<group>"; };
/* End PBXFileReference section */

/* Begin PBXFrameworksBuildPhase section */
		D7DC2A542BF14AAD008BA68D /* Frameworks */ = {
			isa = PBXFrameworksBuildPhase;
			buildActionMask = 2147483647;
			files = (
				4A485C3A07A17F9C7B4CF367 /* Pods_CatApp.framework in Frameworks */,
			);
			runOnlyForDeploymentPostprocessing = 0;
		};
		D7DC2A662BF14AAE008BA68D /* Frameworks */ = {
			isa = PBXFrameworksBuildPhase;
			buildActionMask = 2147483647;
			files = (
			);
			runOnlyForDeploymentPostprocessing = 0;
		};
		D7DC2A702BF14AAE008BA68D /* Frameworks */ = {
			isa = PBXFrameworksBuildPhase;
			buildActionMask = 2147483647;
			files = (
			);
			runOnlyForDeploymentPostprocessing = 0;
		};
/* End PBXFrameworksBuildPhase section */

/* Begin PBXGroup section */
		AA2F93A4341E20CBD9118EB4 /* Frameworks */ = {
			isa = PBXGroup;
			children = (
				2C7211B208F989F01E9D7E68 /* Pods_CatApp.framework */,
			);
			name = Frameworks;
			sourceTree = "<group>";
		};
		BACA396C8265E91A3A4F28E3 /* Pods */ = {
			isa = PBXGroup;
			children = (
				FF424087C119A4DC4EB3C128 /* Pods-CatApp.debug.xcconfig */,
				65A36BD800DEC2D76F97F0BD /* Pods-CatApp.release.xcconfig */,
			);
			path = Pods;
			sourceTree = "<group>";
		};
		D7DC2A4E2BF14AAD008BA68D = {
			isa = PBXGroup;
			children = (
				D7DC2A592BF14AAD008BA68D /* CatApp */,
				D7DC2A862BF14ABF008BA68D /* Core */,
				D7DC2A6C2BF14AAE008BA68D /* CatAppTests */,
				D7DC2A762BF14AAE008BA68D /* CatAppUITests */,
				D7DC2A582BF14AAD008BA68D /* Products */,
				BACA396C8265E91A3A4F28E3 /* Pods */,
				AA2F93A4341E20CBD9118EB4 /* Frameworks */,
			);
			sourceTree = "<group>";
		};
		D7DC2A582BF14AAD008BA68D /* Products */ = {
			isa = PBXGroup;
			children = (
				D7DC2A572BF14AAD008BA68D /* CatApp.app */,
				D7DC2A692BF14AAE008BA68D /* CatAppTests.xctest */,
				D7DC2A732BF14AAE008BA68D /* CatAppUITests.xctest */,
			);
			name = Products;
			sourceTree = "<group>";
		};
		D7DC2A592BF14AAD008BA68D /* CatApp */ = {
			isa = PBXGroup;
			children = (
				D7DC2A5A2BF14AAD008BA68D /* CatAppApp.swift */,
				D7DC2A5C2BF14AAD008BA68D /* ContentView.swift */,
				D7DC2A5E2BF14AAD008BA68D /* Item.swift */,
				D7DC2A602BF14AAE008BA68D /* Assets.xcassets */,
				D7DC2A622BF14AAE008BA68D /* Preview Content */,
			);
			path = CatApp;
			sourceTree = "<group>";
		};
		D7DC2A622BF14AAE008BA68D /* Preview Content */ = {
			isa = PBXGroup;
			children = (
				D7DC2A632BF14AAE008BA68D /* Preview Assets.xcassets */,
			);
			path = "Preview Content";
			sourceTree = "<group>";
		};
		D7DC2A6C2BF14AAE008BA68D /* CatAppTests */ = {
			isa = PBXGroup;
			children = (
				D7DC2A6D2BF14AAE008BA68D /* CatAppTests.swift */,
			);
			path = CatAppTests;
			sourceTree = "<group>";
		};
		D7DC2A762BF14AAE008BA68D /* CatAppUITests */ = {
			isa = PBXGroup;
			children = (
				D7DC2A772BF14AAE008BA68D /* CatAppUITests.swift */,
				D7DC2A792BF14AAE008BA68D /* CatAppUITestsLaunchTests.swift */,
			);
			path = CatAppUITests;
			sourceTree = "<group>";
		};
		D7DC2A862BF14ABF008BA68D /* Core */ = {
			isa = PBXGroup;
			children = (
			);
			path = Core;
			sourceTree = "<group>";
		};
/* End PBXGroup section */

/* Begin PBXNativeTarget section */
		D7DC2A562BF14AAD008BA68D /* CatApp */ = {
			isa = PBXNativeTarget;
			buildConfigurationList = D7DC2A7D2BF14AAE008BA68D /* Build configuration list for PBXNativeTarget "CatApp" */;
			buildPhases = (
				91EFD4A5F0BCCA18446783FB /* [CP] Check Pods Manifest.lock */,
				D7DC2A532BF14AAD008BA68D /* Sources */,
				D7DC2A542BF14AAD008BA68D /* Frameworks */,
				D7DC2A552BF14AAD008BA68D /* Resources */,
				865ACFD152AC28B9EC309098 /* [CP] Embed Pods Frameworks */,
			);
			buildRules = (
			);
			dependencies = (
			);
			name = CatApp;
			productName = CatApp;
			productReference = D7DC2A572BF14AAD008BA68D /* CatApp.app */;
			productType = "com.apple.product-type.application";
		};
		D7DC2A682BF14AAE008BA68D /* CatAppTests */ = {
			isa = PBXNativeTarget;
			buildConfigurationList = D7DC2A802BF14AAE008BA68D /* Build configuration list for PBXNativeTarget "CatAppTests" */;
			buildPhases = (
				D7DC2A652BF14AAE008BA68D /* Sources */,
				D7DC2A662BF14AAE008BA68D /* Frameworks */,
				D7DC2A672BF14AAE008BA68D /* Resources */,
			);
			buildRules = (
			);
			dependencies = (
				D7DC2A6B2BF14AAE008BA68D /* PBXTargetDependency */,
			);
			name = CatAppTests;
			productName = CatAppTests;
			productReference = D7DC2A692BF14AAE008BA68D /* CatAppTests.xctest */;
			productType = "com.apple.product-type.bundle.unit-test";
		};
		D7DC2A722BF14AAE008BA68D /* CatAppUITests */ = {
			isa = PBXNativeTarget;
			buildConfigurationList = D7DC2A832BF14AAE008BA68D /* Build configuration list for PBXNativeTarget "CatAppUITests" */;
			buildPhases = (
				D7DC2A6F2BF14AAE008BA68D /* Sources */,
				D7DC2A702BF14AAE008BA68D /* Frameworks */,
				D7DC2A712BF14AAE008BA68D /* Resources */,
			);
			buildRules = (
			);
			dependencies = (
				D7DC2A752BF14AAE008BA68D /* PBXTargetDependency */,
			);
			name = CatAppUITests;
			productName = CatAppUITests;
			productReference = D7DC2A732BF14AAE008BA68D /* CatAppUITests.xctest */;
			productType = "com.apple.product-type.bundle.ui-testing";
		};
/* End PBXNativeTarget section */

/* Begin PBXProject section */
		D7DC2A4F2BF14AAD008BA68D /* Project object */ = {
			isa = PBXProject;
			attributes = {
				BuildIndependentTargetsInParallel = 1;
				LastSwiftUpdateCheck = 1520;
				LastUpgradeCheck = 1520;
				TargetAttributes = {
					D7DC2A562BF14AAD008BA68D = {
						CreatedOnToolsVersion = 15.2;
					};
					D7DC2A682BF14AAE008BA68D = {
						CreatedOnToolsVersion = 15.2;
						TestTargetID = D7DC2A562BF14AAD008BA68D;
					};
					D7DC2A722BF14AAE008BA68D = {
						CreatedOnToolsVersion = 15.2;
						TestTargetID = D7DC2A562BF14AAD008BA68D;
					};
				};
			};
			buildConfigurationList = D7DC2A522BF14AAD008BA68D /* Build configuration list for PBXProject "CatApp" */;
			compatibilityVersion = "Xcode 14.0";
			developmentRegion = en;
			hasScannedForEncodings = 0;
			knownRegions = (
				en,
				Base,
			);
			mainGroup = D7DC2A4E2BF14AAD008BA68D;
			productRefGroup = D7DC2A582BF14AAD008BA68D /* Products */;
			projectDirPath = "";
			projectRoot = "";
			targets = (
				D7DC2A562BF14AAD008BA68D /* CatApp */,
				D7DC2A682BF14AAE008BA68D /* CatAppTests */,
				D7DC2A722BF14AAE008BA68D /* CatAppUITests */,
			);
		};
/* End PBXProject section */

/* Begin PBXResourcesBuildPhase section */
		D7DC2A552BF14AAD008BA68D /* Resources */ = {
			isa = PBXResourcesBuildPhase;
			buildActionMask = 2147483647;
			files = (
				D7DC2A642BF14AAE008BA68D /* Preview Assets.xcassets in Resources */,
				D7DC2A612BF14AAE008BA68D /* Assets.xcassets in Resources */,
			);
			runOnlyForDeploymentPostprocessing = 0;
		};
		D7DC2A672BF14AAE008BA68D /* Resources */ = {
			isa = PBXResourcesBuildPhase;
			buildActionMask = 2147483647;
			files = (
			);
			runOnlyForDeploymentPostprocessing = 0;
		};
		D7DC2A712BF14AAE008BA68D /* Resources */ = {
			isa = PBXResourcesBuildPhase;
			buildActionMask = 2147483647;
			files = (
			);
			runOnlyForDeploymentPostprocessing = 0;
		};
/* End PBXResourcesBuildPhase section */

/* Begin PBXShellScriptBuildPhase section */
		865ACFD152AC28B9EC309098 /* [CP] Embed Pods Frameworks */ = {
			isa = PBXShellScriptBuildPhase;
			buildActionMask = 2147483647;
			files = (
			);
			inputFileListPaths = (
				"${PODS_ROOT}/Target Support Files/Pods-CatApp/Pods-CatApp-frameworks-${CONFIGURATION}-input-files.xcfilelist",
			);
			name = "[CP] Embed Pods Frameworks";
			outputFileListPaths = (
				"${PODS_ROOT}/Target Support Files/Pods-CatApp/Pods-CatApp-frameworks-${CONFIGURATION}-output-files.xcfilelist",
			);
			runOnlyForDeploymentPostprocessing = 0;
			shellPath = /bin/sh;
			shellScript = "\"${PODS_ROOT}/Target Support Files/Pods-CatApp/Pods-CatApp-frameworks.sh\"\n";
			showEnvVarsInLog = 0;
		};
		91EFD4A5F0BCCA18446783FB /* [CP] Check Pods Manifest.lock */ = {
			isa = PBXShellScriptBuildPhase;
			buildActionMask = 2147483647;
			files = (
			);
			inputFileListPaths = (
			);
			inputPaths = (
				"${PODS_PODFILE_DIR_PATH}/Podfile.lock",
				"${PODS_ROOT}/Manifest.lock",
			);
			name = "[CP] Check Pods Manifest.lock";
			outputFileListPaths = (
			);
			outputPaths = (
				"$(DERIVED_FILE_DIR)/Pods-CatApp-checkManifestLockResult.txt",
			);
			runOnlyForDeploymentPostprocessing = 0;
			shellPath = /bin/sh;
			shellScript = "diff \"${PODS_PODFILE_DIR_PATH}/Podfile.lock\" \"${PODS_ROOT}/Manifest.lock\" > /dev/null\nif [ $? != 0 ] ; then\n    # print error to STDERR\n    echo \"error: The sandbox is not in sync with the Podfile.lock. Run 'pod install' or update your CocoaPods installation.\" >&2\n    exit 1\nfi\n# This output is used by Xcode 'outputs' to avoid re-running this script phase.\necho \"SUCCESS\" > \"${SCRIPT_OUTPUT_FILE_0}\"\n";
			showEnvVarsInLog = 0;
		};
/* End PBXShellScriptBuildPhase section */

/* Begin PBXSourcesBuildPhase section */
		D7DC2A532BF14AAD008BA68D /* Sources */ = {
			isa = PBXSourcesBuildPhase;
			buildActionMask = 2147483647;
			files = (
				D7DC2A5D2BF14AAD008BA68D /* ContentView.swift in Sources */,
				D7DC2A5F2BF14AAD008BA68D /* Item.swift in Sources */,
				D7DC2A5B2BF14AAD008BA68D /* CatAppApp.swift in Sources */,
			);
			runOnlyForDeploymentPostprocessing = 0;
		};
		D7DC2A652BF14AAE008BA68D /* Sources */ = {
			isa = PBXSourcesBuildPhase;
			buildActionMask = 2147483647;
			files = (
				D7DC2A6E2BF14AAE008BA68D /* CatAppTests.swift in Sources */,
			);
			runOnlyForDeploymentPostprocessing = 0;
		};
		D7DC2A6F2BF14AAE008BA68D /* Sources */ = {
			isa = PBXSourcesBuildPhase;
			buildActionMask = 2147483647;
			files = (
				D7DC2A782BF14AAE008BA68D /* CatAppUITests.swift in Sources */,
				D7DC2A7A2BF14AAE008BA68D /* CatAppUITestsLaunchTests.swift in Sources */,
			);
			runOnlyForDeploymentPostprocessing = 0;
		};
/* End PBXSourcesBuildPhase section */

/* Begin PBXTargetDependency section */
		D7DC2A6B2BF14AAE008BA68D /* PBXTargetDependency */ = {
			isa = PBXTargetDependency;
			target = D7DC2A562BF14AAD008BA68D /* CatApp */;
			targetProxy = D7DC2A6A2BF14AAE008BA68D /* PBXContainerItemProxy */;
		};
		D7DC2A752BF14AAE008BA68D /* PBXTargetDependency */ = {
			isa = PBXTargetDependency;
			target = D7DC2A562BF14AAD008BA68D /* CatApp */;
			targetProxy = D7DC2A742BF14AAE008BA68D /* PBXContainerItemProxy */;
		};
/* End PBXTargetDependency section */

/* Begin XCBuildConfiguration section */
		D7DC2A7B2BF14AAE008BA68D /* Debug */ = {
			isa = XCBuildConfiguration;
			buildSettings = {
				ALWAYS_SEARCH_USER_PATHS = NO;
				ASSETCATALOG_COMPILER_GENERATE_SWIFT_ASSET_SYMBOL_EXTENSIONS = YES;
				CLANG_ANALYZER_NONNULL = YES;
				CLANG_ANALYZER_NUMBER_OBJECT_CONVERSION = YES_AGGRESSIVE;
				CLANG_CXX_LANGUAGE_STANDARD = "gnu++20";
				CLANG_ENABLE_MODULES = YES;
				CLANG_ENABLE_OBJC_ARC = YES;
				CLANG_ENABLE_OBJC_WEAK = YES;
				CLANG_WARN_BLOCK_CAPTURE_AUTORELEASING = YES;
				CLANG_WARN_BOOL_CONVERSION = YES;
				CLANG_WARN_COMMA = YES;
				CLANG_WARN_CONSTANT_CONVERSION = YES;
				CLANG_WARN_DEPRECATED_OBJC_IMPLEMENTATIONS = YES;
				CLANG_WARN_DIRECT_OBJC_ISA_USAGE = YES_ERROR;
				CLANG_WARN_DOCUMENTATION_COMMENTS = YES;
				CLANG_WARN_EMPTY_BODY = YES;
				CLANG_WARN_ENUM_CONVERSION = YES;
				CLANG_WARN_INFINITE_RECURSION = YES;
				CLANG_WARN_INT_CONVERSION = YES;
				CLANG_WARN_NON_LITERAL_NULL_CONVERSION = YES;
				CLANG_WARN_OBJC_IMPLICIT_RETAIN_SELF = YES;
				CLANG_WARN_OBJC_LITERAL_CONVERSION = YES;
				CLANG_WARN_OBJC_ROOT_CLASS = YES_ERROR;
				CLANG_WARN_QUOTED_INCLUDE_IN_FRAMEWORK_HEADER = YES;
				CLANG_WARN_RANGE_LOOP_ANALYSIS = YES;
				CLANG_WARN_STRICT_PROTOTYPES = YES;
				CLANG_WARN_SUSPICIOUS_MOVE = YES;
				CLANG_WARN_UNGUARDED_AVAILABILITY = YES_AGGRESSIVE;
				CLANG_WARN_UNREACHABLE_CODE = YES;
				CLANG_WARN__DUPLICATE_METHOD_MATCH = YES;
				COPY_PHASE_STRIP = NO;
				DEBUG_INFORMATION_FORMAT = dwarf;
				ENABLE_STRICT_OBJC_MSGSEND = YES;
				ENABLE_TESTABILITY = YES;
				ENABLE_USER_SCRIPT_SANDBOXING = YES;
				GCC_C_LANGUAGE_STANDARD = gnu17;
				GCC_DYNAMIC_NO_PIC = NO;
				GCC_NO_COMMON_BLOCKS = YES;
				GCC_OPTIMIZATION_LEVEL = 0;
				GCC_PREPROCESSOR_DEFINITIONS = (
					"DEBUG=1",
					"$(inherited)",
				);
				GCC_WARN_64_TO_32_BIT_CONVERSION = YES;
				GCC_WARN_ABOUT_RETURN_TYPE = YES_ERROR;
				GCC_WARN_UNDECLARED_SELECTOR = YES;
				GCC_WARN_UNINITIALIZED_AUTOS = YES_AGGRESSIVE;
				GCC_WARN_UNUSED_FUNCTION = YES;
				GCC_WARN_UNUSED_VARIABLE = YES;
				IPHONEOS_DEPLOYMENT_TARGET = 17.2;
				LOCALIZATION_PREFERS_STRING_CATALOGS = YES;
				MTL_ENABLE_DEBUG_INFO = INCLUDE_SOURCE;
				MTL_FAST_MATH = YES;
				ONLY_ACTIVE_ARCH = YES;
				SDKROOT = iphoneos;
				SWIFT_ACTIVE_COMPILATION_CONDITIONS = "DEBUG $(inherited)";
				SWIFT_OPTIMIZATION_LEVEL = "-Onone";
			};
			name = Debug;
		};
		D7DC2A7C2BF14AAE008BA68D /* Release */ = {
			isa = XCBuildConfiguration;
			buildSettings = {
				ALWAYS_SEARCH_USER_PATHS = NO;
				ASSETCATALOG_COMPILER_GENERATE_SWIFT_ASSET_SYMBOL_EXTENSIONS = YES;
				CLANG_ANALYZER_NONNULL = YES;
				CLANG_ANALYZER_NUMBER_OBJECT_CONVERSION = YES_AGGRESSIVE;
				CLANG_CXX_LANGUAGE_STANDARD = "gnu++20";
				CLANG_ENABLE_MODULES = YES;
				CLANG_ENABLE_OBJC_ARC = YES;
				CLANG_ENABLE_OBJC_WEAK = YES;
				CLANG_WARN_BLOCK_CAPTURE_AUTORELEASING = YES;
				CLANG_WARN_BOOL_CONVERSION = YES;
				CLANG_WARN_COMMA = YES;
				CLANG_WARN_CONSTANT_CONVERSION = YES;
				CLANG_WARN_DEPRECATED_OBJC_IMPLEMENTATIONS = YES;
				CLANG_WARN_DIRECT_OBJC_ISA_USAGE = YES_ERROR;
				CLANG_WARN_DOCUMENTATION_COMMENTS = YES;
				CLANG_WARN_EMPTY_BODY = YES;
				CLANG_WARN_ENUM_CONVERSION = YES;
				CLANG_WARN_INFINITE_RECURSION = YES;
				CLANG_WARN_INT_CONVERSION = YES;
				CLANG_WARN_NON_LITERAL_NULL_CONVERSION = YES;
				CLANG_WARN_OBJC_IMPLICIT_RETAIN_SELF = YES;
				CLANG_WARN_OBJC_LITERAL_CONVERSION = YES;
				CLANG_WARN_OBJC_ROOT_CLASS = YES_ERROR;
				CLANG_WARN_QUOTED_INCLUDE_IN_FRAMEWORK_HEADER = YES;
				CLANG_WARN_RANGE_LOOP_ANALYSIS = YES;
				CLANG_WARN_STRICT_PROTOTYPES = YES;
				CLANG_WARN_SUSPICIOUS_MOVE = YES;
				CLANG_WARN_UNGUARDED_AVAILABILITY = YES_AGGRESSIVE;
				CLANG_WARN_UNREACHABLE_CODE = YES;
				CLANG_WARN__DUPLICATE_METHOD_MATCH = YES;
				COPY_PHASE_STRIP = NO;
				DEBUG_INFORMATION_FORMAT = "dwarf-with-dsym";
				ENABLE_NS_ASSERTIONS = NO;
				ENABLE_STRICT_OBJC_MSGSEND = YES;
				ENABLE_USER_SCRIPT_SANDBOXING = YES;
				GCC_C_LANGUAGE_STANDARD = gnu17;
				GCC_NO_COMMON_BLOCKS = YES;
				GCC_WARN_64_TO_32_BIT_CONVERSION = YES;
				GCC_WARN_ABOUT_RETURN_TYPE = YES_ERROR;
				GCC_WARN_UNDECLARED_SELECTOR = YES;
				GCC_WARN_UNINITIALIZED_AUTOS = YES_AGGRESSIVE;
				GCC_WARN_UNUSED_FUNCTION = YES;
				GCC_WARN_UNUSED_VARIABLE = YES;
				IPHONEOS_DEPLOYMENT_TARGET = 17.2;
				LOCALIZATION_PREFERS_STRING_CATALOGS = YES;
				MTL_ENABLE_DEBUG_INFO = NO;
				MTL_FAST_MATH = YES;
				SDKROOT = iphoneos;
				SWIFT_COMPILATION_MODE = wholemodule;
				VALIDATE_PRODUCT = YES;
			};
			name = Release;
		};
		D7DC2A7E2BF14AAE008BA68D /* Debug */ = {
			isa = XCBuildConfiguration;
			baseConfigurationReference = FF424087C119A4DC4EB3C128 /* Pods-CatApp.debug.xcconfig */;
			buildSettings = {
				ASSETCATALOG_COMPILER_APPICON_NAME = AppIcon;
				ASSETCATALOG_COMPILER_GLOBAL_ACCENT_COLOR_NAME = AccentColor;
				CODE_SIGN_STYLE = Automatic;
				CURRENT_PROJECT_VERSION = 1;
				DEVELOPMENT_ASSET_PATHS = "\"CatApp/Preview Content\"";
				DEVELOPMENT_TEAM = 6T2Z9DJY2M;
				ENABLE_PREVIEWS = YES;
				ENABLE_USER_SCRIPT_SANDBOXING = NO;
				GENERATE_INFOPLIST_FILE = YES;
				INFOPLIST_KEY_UIApplicationSceneManifest_Generation = YES;
				INFOPLIST_KEY_UIApplicationSupportsIndirectInputEvents = YES;
				INFOPLIST_KEY_UILaunchScreen_Generation = YES;
				INFOPLIST_KEY_UISupportedInterfaceOrientations_iPad = "UIInterfaceOrientationPortrait UIInterfaceOrientationPortraitUpsideDown UIInterfaceOrientationLandscapeLeft UIInterfaceOrientationLandscapeRight";
				INFOPLIST_KEY_UISupportedInterfaceOrientations_iPhone = "UIInterfaceOrientationPortrait UIInterfaceOrientationLandscapeLeft UIInterfaceOrientationLandscapeRight";
				LD_RUNPATH_SEARCH_PATHS = (
					"$(inherited)",
					"@executable_path/Frameworks",
				);
				MARKETING_VERSION = 1.0;
				PRODUCT_BUNDLE_IDENTIFIER = antoniofonseca.CatApp;
				PRODUCT_NAME = "$(TARGET_NAME)";
				SWIFT_EMIT_LOC_STRINGS = YES;
				SWIFT_VERSION = 5.0;
				TARGETED_DEVICE_FAMILY = "1,2";
			};
			name = Debug;
		};
		D7DC2A7F2BF14AAE008BA68D /* Release */ = {
			isa = XCBuildConfiguration;
			baseConfigurationReference = 65A36BD800DEC2D76F97F0BD /* Pods-CatApp.release.xcconfig */;
			buildSettings = {
				ASSETCATALOG_COMPILER_APPICON_NAME = AppIcon;
				ASSETCATALOG_COMPILER_GLOBAL_ACCENT_COLOR_NAME = AccentColor;
				CODE_SIGN_STYLE = Automatic;
				CURRENT_PROJECT_VERSION = 1;
				DEVELOPMENT_ASSET_PATHS = "\"CatApp/Preview Content\"";
				DEVELOPMENT_TEAM = 6T2Z9DJY2M;
				ENABLE_PREVIEWS = YES;
				ENABLE_USER_SCRIPT_SANDBOXING = NO;
				GENERATE_INFOPLIST_FILE = YES;
				INFOPLIST_KEY_UIApplicationSceneManifest_Generation = YES;
				INFOPLIST_KEY_UIApplicationSupportsIndirectInputEvents = YES;
				INFOPLIST_KEY_UILaunchScreen_Generation = YES;
				INFOPLIST_KEY_UISupportedInterfaceOrientations_iPad = "UIInterfaceOrientationPortrait UIInterfaceOrientationPortraitUpsideDown UIInterfaceOrientationLandscapeLeft UIInterfaceOrientationLandscapeRight";
				INFOPLIST_KEY_UISupportedInterfaceOrientations_iPhone = "UIInterfaceOrientationPortrait UIInterfaceOrientationLandscapeLeft UIInterfaceOrientationLandscapeRight";
				LD_RUNPATH_SEARCH_PATHS = (
					"$(inherited)",
					"@executable_path/Frameworks",
				);
				MARKETING_VERSION = 1.0;
				PRODUCT_BUNDLE_IDENTIFIER = antoniofonseca.CatApp;
				PRODUCT_NAME = "$(TARGET_NAME)";
				SWIFT_EMIT_LOC_STRINGS = YES;
				SWIFT_VERSION = 5.0;
				TARGETED_DEVICE_FAMILY = "1,2";
			};
			name = Release;
		};
		D7DC2A812BF14AAE008BA68D /* Debug */ = {
			isa = XCBuildConfiguration;
			buildSettings = {
				ALWAYS_EMBED_SWIFT_STANDARD_LIBRARIES = YES;
				BUNDLE_LOADER = "$(TEST_HOST)";
				CODE_SIGN_STYLE = Automatic;
				CURRENT_PROJECT_VERSION = 1;
				DEVELOPMENT_TEAM = 6T2Z9DJY2M;
				GENERATE_INFOPLIST_FILE = YES;
				IPHONEOS_DEPLOYMENT_TARGET = 17.2;
				MARKETING_VERSION = 1.0;
				PRODUCT_BUNDLE_IDENTIFIER = antoniofonseca.CatAppTests;
				PRODUCT_NAME = "$(TARGET_NAME)";
				SWIFT_EMIT_LOC_STRINGS = NO;
				SWIFT_VERSION = 5.0;
				TARGETED_DEVICE_FAMILY = "1,2";
				TEST_HOST = "$(BUILT_PRODUCTS_DIR)/CatApp.app/$(BUNDLE_EXECUTABLE_FOLDER_PATH)/CatApp";
			};
			name = Debug;
		};
		D7DC2A822BF14AAE008BA68D /* Release */ = {
			isa = XCBuildConfiguration;
			buildSettings = {
				ALWAYS_EMBED_SWIFT_STANDARD_LIBRARIES = YES;
				BUNDLE_LOADER = "$(TEST_HOST)";
				CODE_SIGN_STYLE = Automatic;
				CURRENT_PROJECT_VERSION = 1;
				DEVELOPMENT_TEAM = 6T2Z9DJY2M;
				GENERATE_INFOPLIST_FILE = YES;
				IPHONEOS_DEPLOYMENT_TARGET = 17.2;
				MARKETING_VERSION = 1.0;
				PRODUCT_BUNDLE_IDENTIFIER = antoniofonseca.CatAppTests;
				PRODUCT_NAME = "$(TARGET_NAME)";
				SWIFT_EMIT_LOC_STRINGS = NO;
				SWIFT_VERSION = 5.0;
				TARGETED_DEVICE_FAMILY = "1,2";
				TEST_HOST = "$(BUILT_PRODUCTS_DIR)/CatApp.app/$(BUNDLE_EXECUTABLE_FOLDER_PATH)/CatApp";
			};
			name = Release;
		};
		D7DC2A842BF14AAE008BA68D /* Debug */ = {
			isa = XCBuildConfiguration;
			buildSettings = {
				ALWAYS_EMBED_SWIFT_STANDARD_LIBRARIES = YES;
				CODE_SIGN_STYLE = Automatic;
				CURRENT_PROJECT_VERSION = 1;
				DEVELOPMENT_TEAM = 6T2Z9DJY2M;
				GENERATE_INFOPLIST_FILE = YES;
				MARKETING_VERSION = 1.0;
				PRODUCT_BUNDLE_IDENTIFIER = antoniofonseca.CatAppUITests;
				PRODUCT_NAME = "$(TARGET_NAME)";
				SWIFT_EMIT_LOC_STRINGS = NO;
				SWIFT_VERSION = 5.0;
				TARGETED_DEVICE_FAMILY = "1,2";
				TEST_TARGET_NAME = CatApp;
			};
			name = Debug;
		};
		D7DC2A852BF14AAE008BA68D /* Release */ = {
			isa = XCBuildConfiguration;
			buildSettings = {
				ALWAYS_EMBED_SWIFT_STANDARD_LIBRARIES = YES;
				CODE_SIGN_STYLE = Automatic;
				CURRENT_PROJECT_VERSION = 1;
				DEVELOPMENT_TEAM = 6T2Z9DJY2M;
				GENERATE_INFOPLIST_FILE = YES;
				MARKETING_VERSION = 1.0;
				PRODUCT_BUNDLE_IDENTIFIER = antoniofonseca.CatAppUITests;
				PRODUCT_NAME = "$(TARGET_NAME)";
				SWIFT_EMIT_LOC_STRINGS = NO;
				SWIFT_VERSION = 5.0;
				TARGETED_DEVICE_FAMILY = "1,2";
				TEST_TARGET_NAME = CatApp;
			};
			name = Release;
		};
/* End XCBuildConfiguration section */

/* Begin XCConfigurationList section */
		D7DC2A522BF14AAD008BA68D /* Build configuration list for PBXProject "CatApp" */ = {
			isa = XCConfigurationList;
			buildConfigurations = (
				D7DC2A7B2BF14AAE008BA68D /* Debug */,
				D7DC2A7C2BF14AAE008BA68D /* Release */,
			);
			defaultConfigurationIsVisible = 0;
			defaultConfigurationName = Release;
		};
		D7DC2A7D2BF14AAE008BA68D /* Build configuration list for PBXNativeTarget "CatApp" */ = {
			isa = XCConfigurationList;
			buildConfigurations = (
				D7DC2A7E2BF14AAE008BA68D /* Debug */,
				D7DC2A7F2BF14AAE008BA68D /* Release */,
			);
			defaultConfigurationIsVisible = 0;
			defaultConfigurationName = Release;
		};
		D7DC2A802BF14AAE008BA68D /* Build configuration list for PBXNativeTarget "CatAppTests" */ = {
			isa = XCConfigurationList;
			buildConfigurations = (
				D7DC2A812BF14AAE008BA68D /* Debug */,
				D7DC2A822BF14AAE008BA68D /* Release */,
			);
			defaultConfigurationIsVisible = 0;
			defaultConfigurationName = Release;
		};
		D7DC2A832BF14AAE008BA68D /* Build configuration list for PBXNativeTarget "CatAppUITests" */ = {
			isa = XCConfigurationList;
			buildConfigurations = (
				D7DC2A842BF14AAE008BA68D /* Debug */,
				D7DC2A852BF14AAE008BA68D /* Release */,
			);
			defaultConfigurationIsVisible = 0;
			defaultConfigurationName = Release;
		};
/* End XCConfigurationList section */
	};
	rootObject = D7DC2A4F2BF14AAD008BA68D /* Project object */;
}
